
Microsoft Visual Studio Solution File, Format Version 12.00
# Visual Studio Version 16
VisualStudioVersion = 16.0.30517.126
MinimumVisualStudioVersion = 10.0.40219.1
Project("{9A19103F-16F7-4668-BE54-9A1E7A4F7556}") = "GenericsExercise.Tests", "GenericsExercise.Tests\GenericsExercise.Tests.csproj", "{13706E7D-F5E6-4BC7-B09F-415FE9580253}"
EndProject
Project("{9A19103F-16F7-4668-BE54-9A1E7A4F7556}") = "GenericsExercise.Console", "GenericsExercise.Console\GenericsExercise.Console.csproj", "{68594C6D-1229-4A03-B53F-8B6D94A7CF44}"
EndProject
Global
	GlobalSection(SolutionConfigurationPlatforms) = preSolution
		Debug|Any CPU = Debug|Any CPU
		Release|Any CPU = Release|Any CPU
	EndGlobalSection
	GlobalSection(ProjectConfigurationPlatforms) = postSolution
		{13706E7D-F5E6-4BC7-B09F-415FE9580253}.Debug|Any CPU.ActiveCfg = Debug|Any CPU
		{13706E7D-F5E6-4BC7-B09F-415FE9580253}.Debug|Any CPU.Build.0 = Debug|Any CPU
		{13706E7D-F5E6-4BC7-B09F-415FE9580253}.Release|Any CPU.ActiveCfg = Release|Any CPU
		{13706E7D-F5E6-4BC7-B09F-415FE9580253}.Release|Any CPU.Build.0 = Release|Any CPU
		{68594C6D-1229-4A03-B53F-8B6D94A7CF44}.Debug|Any CPU.ActiveCfg = Debug|Any CPU
		{68594C6D-1229-4A03-B53F-8B6D94A7CF44}.Debug|Any CPU.Build.0 = Debug|Any CPU
		{68594C6D-1229-4A03-B53F-8B6D94A7CF44}.Release|Any CPU.ActiveCfg = Release|Any CPU
		{68594C6D-1229-4A03-B53F-8B6D94A7CF44}.Release|Any CPU.Build.0 = Release|Any CPU
	EndGlobalSection
	GlobalSection(SolutionProperties) = preSolution
		HideSolutionNode = FALSE
	EndGlobalSection
	GlobalSection(ExtensibilityGlobals) = postSolution
		SolutionGuid = {23EC219A-3BB0-4BEE-8D71-AF8E05668006}
	EndGlobalSection
EndGlobal
